// !$*UTF8*$!
{
	archiveVersion = 1;
	classes = {
	};
	objectVersion = 45;
	objects = {

/* Begin PBXAppleScriptBuildPhase section */
		8BD1EC580E6992CE00384FC3 /* AppleScript */ = {
			isa = PBXAppleScriptBuildPhase;
			buildActionMask = 2147483647;
			contextName = "";
			files = (
				8BD1EC490E6992B800384FC3 /* VocitoAddressBookAction.applescript in AppleScript */,
			);
			isSharedContext = 0;
			runOnlyForDeploymentPostprocessing = 0;
		};
/* End PBXAppleScriptBuildPhase section */

/* Begin PBXBuildFile section */
		1DDD58160DA1D0A300B32029 /* MainMenu.xib in Resources */ = {isa = PBXBuildFile; fileRef = 1DDD58140DA1D0A300B32029 /* MainMenu.xib */; };
		8B1149A10E64BFB600131E61 /* Carbon.framework in Frameworks */ = {isa = PBXBuildFile; fileRef = 8B1149A00E64BFB600131E61 /* Carbon.framework */; };
		8B114A7F0E64C1A700131E61 /* VocitoWindow.m in Sources */ = {isa = PBXBuildFile; fileRef = 8B114A7D0E64C1A700131E61 /* VocitoWindow.m */; };
		8B114A820E64C1FC00131E61 /* QSWindowFilter.m in Sources */ = {isa = PBXBuildFile; fileRef = 8B114A810E64C1FC00131E61 /* QSWindowFilter.m */; };
		8B114A8B0E64C27C00131E61 /* VocitoWindowController.m in Sources */ = {isa = PBXBuildFile; fileRef = 8B114A8A0E64C27C00131E61 /* VocitoWindowController.m */; };
		8B114B1A0E64C75000131E61 /* Action.png in Resources */ = {isa = PBXBuildFile; fileRef = 8B114B190E64C75000131E61 /* Action.png */; };
		8B114E290E6593CB00131E61 /* VocitoPreferences.m in Sources */ = {isa = PBXBuildFile; fileRef = 8B114E260E6593CB00131E61 /* VocitoPreferences.m */; };
		8B114E2A0E6593CB00131E61 /* VocitoPreferences.xib in Resources */ = {isa = PBXBuildFile; fileRef = 8B114E270E6593CB00131E61 /* VocitoPreferences.xib */; };
		8B5FC40D0E661638006CF8F6 /* VocitoController.m in Sources */ = {isa = PBXBuildFile; fileRef = 8B5FC40C0E661638006CF8F6 /* VocitoController.m */; };
		8B5FCC560E673056006CF8F6 /* VocitoDialService.m in Sources */ = {isa = PBXBuildFile; fileRef = 8B5FCC550E673056006CF8F6 /* VocitoDialService.m */; };
		8B5FD15E0E684FBA006CF8F6 /* AddressBook.framework in Frameworks */ = {isa = PBXBuildFile; fileRef = 8B114C400E64E13F00131E61 /* AddressBook.framework */; };
		8B5FD5610E6887B5006CF8F6 /* GTMNSString+URLArguments.m in Sources */ = {isa = PBXBuildFile; fileRef = 8B5FD5600E6887B5006CF8F6 /* GTMNSString+URLArguments.m */; };
		8B5FD7330E68AACA006CF8F6 /* ScriptTemplate.app in Resources */ = {isa = PBXBuildFile; fileRef = 8B5FD7320E68AACA006CF8F6 /* ScriptTemplate.app */; };
		8B5FD7680E68AC4A006CF8F6 /* GTMSystemVersion.m in Sources */ = {isa = PBXBuildFile; fileRef = 8B5FD75E0E68AC4A006CF8F6 /* GTMSystemVersion.m */; };
		8B5FD7690E68AC4A006CF8F6 /* GTMNSAppleEventDescriptor+Handler.m in Sources */ = {isa = PBXBuildFile; fileRef = 8B5FD7610E68AC4A006CF8F6 /* GTMNSAppleEventDescriptor+Handler.m */; };
		8B5FD76A0E68AC4A006CF8F6 /* GTMNSAppleScript+Handler.m in Sources */ = {isa = PBXBuildFile; fileRef = 8B5FD7620E68AC4A006CF8F6 /* GTMNSAppleScript+Handler.m */; };
		8B5FD76B0E68AC4A006CF8F6 /* GTMFourCharCode.m in Sources */ = {isa = PBXBuildFile; fileRef = 8B5FD7630E68AC4A006CF8F6 /* GTMFourCharCode.m */; };
		8B5FD76C0E68AC4A006CF8F6 /* GTMNSAppleEventDescriptor+Foundation.m in Sources */ = {isa = PBXBuildFile; fileRef = 8B5FD7650E68AC4A006CF8F6 /* GTMNSAppleEventDescriptor+Foundation.m */; };
		8B5FD79E0E68AC73006CF8F6 /* GTMMethodCheck.m in Sources */ = {isa = PBXBuildFile; fileRef = 8B5FD79D0E68AC73006CF8F6 /* GTMMethodCheck.m */; };
		8B6435580E659DD90098096B /* Vocito.sdef in Resources */ = {isa = PBXBuildFile; fileRef = 8B6435570E659DD90098096B /* Vocito.sdef */; };
		8B64357C0E65A7DE0098096B /* VocitoDialCommand.m in Sources */ = {isa = PBXBuildFile; fileRef = 8B64357B0E65A7DE0098096B /* VocitoDialCommand.m */; };
		8B6437980E65CDEC0098096B /* Vocito.icns in Resources */ = {isa = PBXBuildFile; fileRef = 8B6437970E65CDEC0098096B /* Vocito.icns */; };
		8B6439080E65F1230098096B /* AddressBook.png in Resources */ = {isa = PBXBuildFile; fileRef = 8B6439070E65F1230098096B /* AddressBook.png */; };
		8B6B74130E64B277000E4ADF /* Vocito.m in Sources */ = {isa = PBXBuildFile; fileRef = 8B6B74120E64B277000E4ADF /* Vocito.m */; };
		8B6B741A0E64B27D000E4ADF /* EMKeychainItem.m in Sources */ = {isa = PBXBuildFile; fileRef = 8B6B74160E64B27D000E4ADF /* EMKeychainItem.m */; };
		8B6B741B0E64B27D000E4ADF /* EMKeychainProxy.m in Sources */ = {isa = PBXBuildFile; fileRef = 8B6B74180E64B27D000E4ADF /* EMKeychainProxy.m */; };
		8B6B74270E64B2F0000E4ADF /* VocitoAppDelegate.m in Sources */ = {isa = PBXBuildFile; fileRef = 8B6B74260E64B2F0000E4ADF /* VocitoAppDelegate.m */; };
		8B6B74340E64B467000E4ADF /* Security.framework in Frameworks */ = {isa = PBXBuildFile; fileRef = 8B6B74330E64B467000E4ADF /* Security.framework */; };
		8B6B749E0E64B827000E4ADF /* Dialer.xib in Resources */ = {isa = PBXBuildFile; fileRef = 8B6B749D0E64B827000E4ADF /* Dialer.xib */; };
		8B6B74C40E64BE5B000E4ADF /* StatusItemView.m in Sources */ = {isa = PBXBuildFile; fileRef = 8B6B74C20E64BE5B000E4ADF /* StatusItemView.m */; };
		8B90DB9E0E80057900252773 /* GTMObjC2Runtime.m in Sources */ = {isa = PBXBuildFile; fileRef = 8B90DB9C0E80057900252773 /* GTMObjC2Runtime.m */; };
		8BBB68D80E97B2A5008A9B44 /* NSString+PhoneNumber.m in Sources */ = {isa = PBXBuildFile; fileRef = 8BBB68D70E97B2A5008A9B44 /* NSString+PhoneNumber.m */; };
		8BBB69370E98030F008A9B44 /* Vocito Module.qsplugin in Resources */ = {isa = PBXBuildFile; fileRef = 8BBB69000E98002A008A9B44 /* Vocito Module.qsplugin */; };
		8BD1EC490E6992B800384FC3 /* VocitoAddressBookAction.applescript in AppleScript */ = {isa = PBXBuildFile; fileRef = 8BD1EC450E6992A700384FC3 /* VocitoAddressBookAction.applescript */; settings = {ATTRIBUTES = (Debug, ); }; };
		8BDF61300ECFA54D006AF1EF /* Sparkle.framework in Frameworks */ = {isa = PBXBuildFile; fileRef = 8BDF612F0ECFA54D006AF1EF /* Sparkle.framework */; };
		8BDF613B0ECFA57C006AF1EF /* Sparkle.framework in Copy Sparkle */ = {isa = PBXBuildFile; fileRef = 8BDF612F0ECFA54D006AF1EF /* Sparkle.framework */; };
		8BDF620B0ECFF371006AF1EF /* GTMGetURLHandler.m in Sources */ = {isa = PBXBuildFile; fileRef = 8BDF620A0ECFF371006AF1EF /* GTMGetURLHandler.m */; };
		8BDF622D0ECFF3FB006AF1EF /* VocitoTelURLHandler.m in Sources */ = {isa = PBXBuildFile; fileRef = 8BDF622C0ECFF3FB006AF1EF /* VocitoTelURLHandler.m */; };
		8BE843450E91EBF700C611B0 /* GTMDebugThreadValidation.m in Sources */ = {isa = PBXBuildFile; fileRef = 8BE843440E91EBF700C611B0 /* GTMDebugThreadValidation.m */; };
		8BE846600E930AD300C611B0 /* Vocito.pdf in Resources */ = {isa = PBXBuildFile; fileRef = 8BE8465F0E930AD300C611B0 /* Vocito.pdf */; };
		8BE846650E930C2300C611B0 /* VocitoInvert.pdf in Resources */ = {isa = PBXBuildFile; fileRef = 8BE846640E930C2300C611B0 /* VocitoInvert.pdf */; };
		8D11072B0486CEB800E47090 /* InfoPlist.strings in Resources */ = {isa = PBXBuildFile; fileRef = 089C165CFE840E0CC02AAC07 /* InfoPlist.strings */; };
		8D11072D0486CEB800E47090 /* main.m in Sources */ = {isa = PBXBuildFile; fileRef = 29B97316FDCFA39411CA2CEA /* main.m */; settings = {ATTRIBUTES = (); }; };
		8D11072F0486CEB800E47090 /* Cocoa.framework in Frameworks */ = {isa = PBXBuildFile; fileRef = 1058C7A1FEA54F0111CA2CBB /* Cocoa.framework */; };
/* End PBXBuildFile section */

/* Begin PBXContainerItemProxy section */
		8BBB68FF0E98002A008A9B44 /* PBXContainerItemProxy */ = {
			isa = PBXContainerItemProxy;
			containerPortal = 8BBB68FB0E980029008A9B44 /* QSVocitoPlugIn.xcodeproj */;
			proxyType = 2;
			remoteGlobalIDString = 8D1AC9740486D14A00FE50C9;
			remoteInfo = "Vocito Module";
		};
		8BBB69040E98016B008A9B44 /* PBXContainerItemProxy */ = {
			isa = PBXContainerItemProxy;
			containerPortal = 8BBB68FB0E980029008A9B44 /* QSVocitoPlugIn.xcodeproj */;
			proxyType = 1;
			remoteGlobalIDString = 8D1AC9600486D14A00FE50C9;
			remoteInfo = "Vocito Module";
		};
		8BBB69340E9802DA008A9B44 /* PBXContainerItemProxy */ = {
			isa = PBXContainerItemProxy;
			containerPortal = 8B5FD1CC0E685204006CF8F6 /* Call using Vocito.xcodeproj */;
			proxyType = 2;
			remoteGlobalIDString = 65081C3B067A9A0C006247A1;
			remoteInfo = "Call using Vocito";
		};
		8BBB697A0E9803EC008A9B44 /* PBXContainerItemProxy */ = {
			isa = PBXContainerItemProxy;
			containerPortal = 8B5FD1CC0E685204006CF8F6 /* Call using Vocito.xcodeproj */;
			proxyType = 1;
			remoteGlobalIDString = 65081C2D067A9A0C006247A1;
			remoteInfo = "Call using Vocito";
		};
/* End PBXContainerItemProxy section */

/* Begin PBXCopyFilesBuildPhase section */
		8BDF614D0ECFA583006AF1EF /* Copy Sparkle */ = {
			isa = PBXCopyFilesBuildPhase;
			buildActionMask = 2147483647;
			dstPath = "";
			dstSubfolderSpec = 10;
			files = (
				8BDF613B0ECFA57C006AF1EF /* Sparkle.framework in Copy Sparkle */,
			);
			name = "Copy Sparkle";
			runOnlyForDeploymentPostprocessing = 0;
		};
/* End PBXCopyFilesBuildPhase section */

/* Begin PBXFileReference section */
		089C165DFE840E0CC02AAC07 /* English */ = {isa = PBXFileReference; fileEncoding = 10; lastKnownFileType = text.plist.strings; name = English; path = English.lproj/InfoPlist.strings; sourceTree = "<group>"; };
		1058C7A1FEA54F0111CA2CBB /* Cocoa.framework */ = {isa = PBXFileReference; lastKnownFileType = wrapper.framework; name = Cocoa.framework; path = /System/Library/Frameworks/Cocoa.framework; sourceTree = "<absolute>"; };
		13E42FB307B3F0F600E4EEF1 /* CoreData.framework */ = {isa = PBXFileReference; lastKnownFileType = wrapper.framework; name = CoreData.framework; path = /System/Library/Frameworks/CoreData.framework; sourceTree = "<absolute>"; };
		1DDD58150DA1D0A300B32029 /* English */ = {isa = PBXFileReference; lastKnownFileType = file.xib; name = English; path = English.lproj/MainMenu.xib; sourceTree = "<group>"; };
		29B97316FDCFA39411CA2CEA /* main.m */ = {isa = PBXFileReference; fileEncoding = 4; lastKnownFileType = sourcecode.c.objc; path = main.m; sourceTree = "<group>"; };
		29B97324FDCFA39411CA2CEA /* AppKit.framework */ = {isa = PBXFileReference; lastKnownFileType = wrapper.framework; name = AppKit.framework; path = /System/Library/Frameworks/AppKit.framework; sourceTree = "<absolute>"; };
		29B97325FDCFA39411CA2CEA /* Foundation.framework */ = {isa = PBXFileReference; lastKnownFileType = wrapper.framework; name = Foundation.framework; path = /System/Library/Frameworks/Foundation.framework; sourceTree = "<absolute>"; };
		32CA4F630368D1EE00C91783 /* Vocito_Prefix.pch */ = {isa = PBXFileReference; fileEncoding = 4; lastKnownFileType = sourcecode.c.h; path = Vocito_Prefix.pch; sourceTree = "<group>"; };
		8B1149A00E64BFB600131E61 /* Carbon.framework */ = {isa = PBXFileReference; lastKnownFileType = wrapper.framework; name = Carbon.framework; path = /System/Library/Frameworks/Carbon.framework; sourceTree = "<absolute>"; };
		8B114A7D0E64C1A700131E61 /* VocitoWindow.m */ = {isa = PBXFileReference; fileEncoding = 4; lastKnownFileType = sourcecode.c.objc; path = VocitoWindow.m; sourceTree = "<group>"; };
		8B114A7E0E64C1A700131E61 /* VocitoWindow.h */ = {isa = PBXFileReference; fileEncoding = 4; lastKnownFileType = sourcecode.c.h; path = VocitoWindow.h; sourceTree = "<group>"; };
		8B114A800E64C1FC00131E61 /* QSWindowFilter.h */ = {isa = PBXFileReference; fileEncoding = 4; lastKnownFileType = sourcecode.c.h; path = QSWindowFilter.h; sourceTree = "<group>"; };
		8B114A810E64C1FC00131E61 /* QSWindowFilter.m */ = {isa = PBXFileReference; fileEncoding = 4; lastKnownFileType = sourcecode.c.objc; path = QSWindowFilter.m; sourceTree = "<group>"; };
		8B114A890E64C27C00131E61 /* VocitoWindowController.h */ = {isa = PBXFileReference; fileEncoding = 4; lastKnownFileType = sourcecode.c.h; path = VocitoWindowController.h; sourceTree = "<group>"; };
		8B114A8A0E64C27C00131E61 /* VocitoWindowController.m */ = {isa = PBXFileReference; fileEncoding = 4; lastKnownFileType = sourcecode.c.objc; path = VocitoWindowController.m; sourceTree = "<group>"; };
		8B114B190E64C75000131E61 /* Action.png */ = {isa = PBXFileReference; lastKnownFileType = image.png; path = Action.png; sourceTree = "<group>"; };
		8B114C400E64E13F00131E61 /* AddressBook.framework */ = {isa = PBXFileReference; lastKnownFileType = wrapper.framework; name = AddressBook.framework; path = System/Library/Frameworks/AddressBook.framework; sourceTree = SDKROOT; };
		8B114E260E6593CB00131E61 /* VocitoPreferences.m */ = {isa = PBXFileReference; fileEncoding = 4; lastKnownFileType = sourcecode.c.objc; path = VocitoPreferences.m; sourceTree = "<group>"; };
		8B114E270E6593CB00131E61 /* VocitoPreferences.xib */ = {isa = PBXFileReference; lastKnownFileType = file.xib; path = VocitoPreferences.xib; sourceTree = "<group>"; };
		8B114E280E6593CB00131E61 /* VocitoPreferences.h */ = {isa = PBXFileReference; fileEncoding = 4; lastKnownFileType = sourcecode.c.h; path = VocitoPreferences.h; sourceTree = "<group>"; };
		8B5FC40B0E661638006CF8F6 /* VocitoController.h */ = {isa = PBXFileReference; fileEncoding = 4; lastKnownFileType = sourcecode.c.h; path = VocitoController.h; sourceTree = "<group>"; };
		8B5FC40C0E661638006CF8F6 /* VocitoController.m */ = {isa = PBXFileReference; fileEncoding = 4; lastKnownFileType = sourcecode.c.objc; path = VocitoController.m; sourceTree = "<group>"; };
		8B5FCC540E673056006CF8F6 /* VocitoDialService.h */ = {isa = PBXFileReference; fileEncoding = 4; lastKnownFileType = sourcecode.c.h; path = VocitoDialService.h; sourceTree = "<group>"; };
		8B5FCC550E673056006CF8F6 /* VocitoDialService.m */ = {isa = PBXFileReference; fileEncoding = 4; lastKnownFileType = sourcecode.c.objc; path = VocitoDialService.m; sourceTree = "<group>"; };
		8B5FD1CC0E685204006CF8F6 /* Call using Vocito.xcodeproj */ = {isa = PBXFileReference; lastKnownFileType = "wrapper.pb-project"; name = "Call using Vocito.xcodeproj"; path = "Automator/Call using Vocito.xcodeproj"; sourceTree = "<group>"; };
		8B5FD55F0E6887B5006CF8F6 /* GTMNSString+URLArguments.h */ = {isa = PBXFileReference; fileEncoding = 4; lastKnownFileType = sourcecode.c.h; path = "GTMNSString+URLArguments.h"; sourceTree = "<group>"; };
		8B5FD5600E6887B5006CF8F6 /* GTMNSString+URLArguments.m */ = {isa = PBXFileReference; fileEncoding = 4; lastKnownFileType = sourcecode.c.objc; path = "GTMNSString+URLArguments.m"; sourceTree = "<group>"; };
		8B5FD5900E68881D006CF8F6 /* GTMGarbageCollection.h */ = {isa = PBXFileReference; fileEncoding = 4; lastKnownFileType = sourcecode.c.h; path = GTMGarbageCollection.h; sourceTree = "<group>"; };
		8B5FD5920E688839006CF8F6 /* GTMDefines.h */ = {isa = PBXFileReference; fileEncoding = 4; lastKnownFileType = sourcecode.c.h; path = GTMDefines.h; sourceTree = "<group>"; };
		8B5FD7320E68AACA006CF8F6 /* ScriptTemplate.app */ = {isa = PBXFileReference; lastKnownFileType = wrapper.application; path = ScriptTemplate.app; sourceTree = "<group>"; };
		8B5FD75E0E68AC4A006CF8F6 /* GTMSystemVersion.m */ = {isa = PBXFileReference; fileEncoding = 4; lastKnownFileType = sourcecode.c.objc; path = GTMSystemVersion.m; sourceTree = "<group>"; };
		8B5FD75F0E68AC4A006CF8F6 /* GTMNSAppleEventDescriptor+Handler.h */ = {isa = PBXFileReference; fileEncoding = 4; lastKnownFileType = sourcecode.c.h; path = "GTMNSAppleEventDescriptor+Handler.h"; sourceTree = "<group>"; };
		8B5FD7600E68AC4A006CF8F6 /* GTMSystemVersion.h */ = {isa = PBXFileReference; fileEncoding = 4; lastKnownFileType = sourcecode.c.h; path = GTMSystemVersion.h; sourceTree = "<group>"; };
		8B5FD7610E68AC4A006CF8F6 /* GTMNSAppleEventDescriptor+Handler.m */ = {isa = PBXFileReference; fileEncoding = 4; lastKnownFileType = sourcecode.c.objc; path = "GTMNSAppleEventDescriptor+Handler.m"; sourceTree = "<group>"; };
		8B5FD7620E68AC4A006CF8F6 /* GTMNSAppleScript+Handler.m */ = {isa = PBXFileReference; fileEncoding = 4; lastKnownFileType = sourcecode.c.objc; path = "GTMNSAppleScript+Handler.m"; sourceTree = "<group>"; };
		8B5FD7630E68AC4A006CF8F6 /* GTMFourCharCode.m */ = {isa = PBXFileReference; fileEncoding = 4; lastKnownFileType = sourcecode.c.objc; path = GTMFourCharCode.m; sourceTree = "<group>"; };
		8B5FD7640E68AC4A006CF8F6 /* GTMNSAppleEventDescriptor+Foundation.h */ = {isa = PBXFileReference; fileEncoding = 4; lastKnownFileType = sourcecode.c.h; path = "GTMNSAppleEventDescriptor+Foundation.h"; sourceTree = "<group>"; };
		8B5FD7650E68AC4A006CF8F6 /* GTMNSAppleEventDescriptor+Foundation.m */ = {isa = PBXFileReference; fileEncoding = 4; lastKnownFileType = sourcecode.c.objc; path = "GTMNSAppleEventDescriptor+Foundation.m"; sourceTree = "<group>"; };
		8B5FD7660E68AC4A006CF8F6 /* GTMNSAppleScript+Handler.h */ = {isa = PBXFileReference; fileEncoding = 4; lastKnownFileType = sourcecode.c.h; path = "GTMNSAppleScript+Handler.h"; sourceTree = "<group>"; };
		8B5FD7670E68AC4A006CF8F6 /* GTMFourCharCode.h */ = {isa = PBXFileReference; fileEncoding = 4; lastKnownFileType = sourcecode.c.h; path = GTMFourCharCode.h; sourceTree = "<group>"; };
		8B5FD79D0E68AC73006CF8F6 /* GTMMethodCheck.m */ = {isa = PBXFileReference; fileEncoding = 4; lastKnownFileType = sourcecode.c.objc; path = GTMMethodCheck.m; sourceTree = "<group>"; };
		8B5FD79F0E68AC79006CF8F6 /* GTMMethodCheck.h */ = {isa = PBXFileReference; fileEncoding = 4; lastKnownFileType = sourcecode.c.h; path = GTMMethodCheck.h; sourceTree = "<group>"; };
		8B5FD7C00E68AC87006CF8F6 /* GTMDebugSelectorValidation.h */ = {isa = PBXFileReference; fileEncoding = 4; lastKnownFileType = sourcecode.c.h; path = GTMDebugSelectorValidation.h; sourceTree = "<group>"; };
		8B6435570E659DD90098096B /* Vocito.sdef */ = {isa = PBXFileReference; fileEncoding = 4; lastKnownFileType = text.sdef; path = Vocito.sdef; sourceTree = "<group>"; };
		8B64357B0E65A7DE0098096B /* VocitoDialCommand.m */ = {isa = PBXFileReference; fileEncoding = 4; lastKnownFileType = sourcecode.c.objc; path = VocitoDialCommand.m; sourceTree = "<group>"; };
		8B6437970E65CDEC0098096B /* Vocito.icns */ = {isa = PBXFileReference; lastKnownFileType = image.icns; path = Vocito.icns; sourceTree = "<group>"; };
		8B6439070E65F1230098096B /* AddressBook.png */ = {isa = PBXFileReference; lastKnownFileType = image.png; path = AddressBook.png; sourceTree = "<group>"; };
		8B6B74110E64B277000E4ADF /* Vocito.h */ = {isa = PBXFileReference; fileEncoding = 4; lastKnownFileType = sourcecode.c.h; path = Vocito.h; sourceTree = "<group>"; };
		8B6B74120E64B277000E4ADF /* Vocito.m */ = {isa = PBXFileReference; fileEncoding = 4; lastKnownFileType = sourcecode.c.objc; path = Vocito.m; sourceTree = "<group>"; };
		8B6B74150E64B27D000E4ADF /* EMKeychainItem.h */ = {isa = PBXFileReference; fileEncoding = 4; lastKnownFileType = sourcecode.c.h; path = EMKeychainItem.h; sourceTree = "<group>"; };
		8B6B74160E64B27D000E4ADF /* EMKeychainItem.m */ = {isa = PBXFileReference; fileEncoding = 4; lastKnownFileType = sourcecode.c.objc; path = EMKeychainItem.m; sourceTree = "<group>"; };
		8B6B74170E64B27D000E4ADF /* EMKeychainProxy.h */ = {isa = PBXFileReference; fileEncoding = 4; lastKnownFileType = sourcecode.c.h; path = EMKeychainProxy.h; sourceTree = "<group>"; };
		8B6B74180E64B27D000E4ADF /* EMKeychainProxy.m */ = {isa = PBXFileReference; fileEncoding = 4; lastKnownFileType = sourcecode.c.objc; path = EMKeychainProxy.m; sourceTree = "<group>"; };
		8B6B74250E64B2F0000E4ADF /* VocitoAppDelegate.h */ = {isa = PBXFileReference; fileEncoding = 4; lastKnownFileType = sourcecode.c.h; path = VocitoAppDelegate.h; sourceTree = "<group>"; };
		8B6B74260E64B2F0000E4ADF /* VocitoAppDelegate.m */ = {isa = PBXFileReference; fileEncoding = 4; lastKnownFileType = sourcecode.c.objc; path = VocitoAppDelegate.m; sourceTree = "<group>"; };
		8B6B74330E64B467000E4ADF /* Security.framework */ = {isa = PBXFileReference; lastKnownFileType = wrapper.framework; name = Security.framework; path = /System/Library/Frameworks/Security.framework; sourceTree = "<absolute>"; };
		8B6B749D0E64B827000E4ADF /* Dialer.xib */ = {isa = PBXFileReference; lastKnownFileType = file.xib; path = Dialer.xib; sourceTree = "<group>"; };
		8B6B74C20E64BE5B000E4ADF /* StatusItemView.m */ = {isa = PBXFileReference; fileEncoding = 4; lastKnownFileType = sourcecode.c.objc; path = StatusItemView.m; sourceTree = "<group>"; };
		8B6B74C30E64BE5B000E4ADF /* StatusItemView.h */ = {isa = PBXFileReference; fileEncoding = 4; lastKnownFileType = sourcecode.c.h; path = StatusItemView.h; sourceTree = "<group>"; };
		8B90DB420E80039A00252773 /* DebugTigerOrLater.xcconfig */ = {isa = PBXFileReference; fileEncoding = 4; lastKnownFileType = text.xcconfig; path = DebugTigerOrLater.xcconfig; sourceTree = "<group>"; };
		8B90DB470E80039A00252773 /* ReleaseTigerOrLater.xcconfig */ = {isa = PBXFileReference; fileEncoding = 4; lastKnownFileType = text.xcconfig; path = ReleaseTigerOrLater.xcconfig; sourceTree = "<group>"; };
		8B90DB9C0E80057900252773 /* GTMObjC2Runtime.m */ = {isa = PBXFileReference; fileEncoding = 4; lastKnownFileType = sourcecode.c.objc; path = GTMObjC2Runtime.m; sourceTree = "<group>"; };
		8B90DB9D0E80057900252773 /* GTMObjC2Runtime.h */ = {isa = PBXFileReference; fileEncoding = 4; lastKnownFileType = sourcecode.c.h; path = GTMObjC2Runtime.h; sourceTree = "<group>"; };
		8BBB68D60E97B2A5008A9B44 /* NSString+PhoneNumber.h */ = {isa = PBXFileReference; fileEncoding = 4; lastKnownFileType = sourcecode.c.h; path = "NSString+PhoneNumber.h"; sourceTree = "<group>"; };
		8BBB68D70E97B2A5008A9B44 /* NSString+PhoneNumber.m */ = {isa = PBXFileReference; fileEncoding = 4; lastKnownFileType = sourcecode.c.objc; path = "NSString+PhoneNumber.m"; sourceTree = "<group>"; };
		8BBB68FB0E980029008A9B44 /* QSVocitoPlugIn.xcodeproj */ = {isa = PBXFileReference; lastKnownFileType = "wrapper.pb-project"; name = QSVocitoPlugIn.xcodeproj; path = QuickSilver/QSVocitoPlugIn.xcodeproj; sourceTree = "<group>"; };
		8BD1EC450E6992A700384FC3 /* VocitoAddressBookAction.applescript */ = {isa = PBXFileReference; fileEncoding = 4; lastKnownFileType = sourcecode.applescript; path = VocitoAddressBookAction.applescript; sourceTree = "<group>"; };
		8BDF612F0ECFA54D006AF1EF /* Sparkle.framework */ = {isa = PBXFileReference; lastKnownFileType = wrapper.framework; name = Sparkle.framework; path = externals/Sparkle.framework; sourceTree = "<group>"; };
		8BDF620A0ECFF371006AF1EF /* GTMGetURLHandler.m */ = {isa = PBXFileReference; fileEncoding = 4; lastKnownFileType = sourcecode.c.objc; path = GTMGetURLHandler.m; sourceTree = "<group>"; };
		8BDF622C0ECFF3FB006AF1EF /* VocitoTelURLHandler.m */ = {isa = PBXFileReference; fileEncoding = 4; lastKnownFileType = sourcecode.c.objc; path = VocitoTelURLHandler.m; sourceTree = "<group>"; };
		8BE843430E91EBF700C611B0 /* GTMDebugThreadValidation.h */ = {isa = PBXFileReference; fileEncoding = 4; lastKnownFileType = sourcecode.c.h; path = GTMDebugThreadValidation.h; sourceTree = "<group>"; };
		8BE843440E91EBF700C611B0 /* GTMDebugThreadValidation.m */ = {isa = PBXFileReference; fileEncoding = 4; lastKnownFileType = sourcecode.c.objc; path = GTMDebugThreadValidation.m; sourceTree = "<group>"; };
		8BE8465F0E930AD300C611B0 /* Vocito.pdf */ = {isa = PBXFileReference; lastKnownFileType = image.pdf; path = Vocito.pdf; sourceTree = "<group>"; };
		8BE846640E930C2300C611B0 /* VocitoInvert.pdf */ = {isa = PBXFileReference; lastKnownFileType = image.pdf; path = VocitoInvert.pdf; sourceTree = "<group>"; };
		8D1107310486CEB800E47090 /* Info.plist */ = {isa = PBXFileReference; fileEncoding = 4; lastKnownFileType = text.plist.xml; path = Info.plist; sourceTree = "<group>"; };
		8D1107320486CEB800E47090 /* Vocito.app */ = {isa = PBXFileReference; explicitFileType = wrapper.application; includeInIndex = 0; path = Vocito.app; sourceTree = BUILT_PRODUCTS_DIR; };
/* End PBXFileReference section */

/* Begin PBXFrameworksBuildPhase section */
		8D11072E0486CEB800E47090 /* Frameworks */ = {
			isa = PBXFrameworksBuildPhase;
			buildActionMask = 2147483647;
			files = (
				8D11072F0486CEB800E47090 /* Cocoa.framework in Frameworks */,
				8B6B74340E64B467000E4ADF /* Security.framework in Frameworks */,
				8B1149A10E64BFB600131E61 /* Carbon.framework in Frameworks */,
				8B5FD15E0E684FBA006CF8F6 /* AddressBook.framework in Frameworks */,
				8BDF61300ECFA54D006AF1EF /* Sparkle.framework in Frameworks */,
			);
			runOnlyForDeploymentPostprocessing = 0;
		};
/* End PBXFrameworksBuildPhase section */

/* Begin PBXGroup section */
		080E96DDFE201D6D7F000001 /* Classes */ = {
			isa = PBXGroup;
			children = (
				8B5FC40B0E661638006CF8F6 /* VocitoController.h */,
				8B5FC40C0E661638006CF8F6 /* VocitoController.m */,
				8B6B74110E64B277000E4ADF /* Vocito.h */,
				8B6B74120E64B277000E4ADF /* Vocito.m */,
				8BBB68D60E97B2A5008A9B44 /* NSString+PhoneNumber.h */,
				8BBB68D70E97B2A5008A9B44 /* NSString+PhoneNumber.m */,
				8B6B74250E64B2F0000E4ADF /* VocitoAppDelegate.h */,
				8B6B74260E64B2F0000E4ADF /* VocitoAppDelegate.m */,
				8B114A7D0E64C1A700131E61 /* VocitoWindow.m */,
				8B114A7E0E64C1A700131E61 /* VocitoWindow.h */,
				8B6B74C20E64BE5B000E4ADF /* StatusItemView.m */,
				8B6B74C30E64BE5B000E4ADF /* StatusItemView.h */,
				8B114A800E64C1FC00131E61 /* QSWindowFilter.h */,
				8B114A810E64C1FC00131E61 /* QSWindowFilter.m */,
				8B114A890E64C27C00131E61 /* VocitoWindowController.h */,
				8B114A8A0E64C27C00131E61 /* VocitoWindowController.m */,
				8B114E280E6593CB00131E61 /* VocitoPreferences.h */,
				8B114E260E6593CB00131E61 /* VocitoPreferences.m */,
				8B64357B0E65A7DE0098096B /* VocitoDialCommand.m */,
				8B5FCC540E673056006CF8F6 /* VocitoDialService.h */,
				8B5FCC550E673056006CF8F6 /* VocitoDialService.m */,
				8BDF622C0ECFF3FB006AF1EF /* VocitoTelURLHandler.m */,
			);
			name = Classes;
			sourceTree = "<group>";
		};
		1058C7A0FEA54F0111CA2CBB /* Linked Frameworks */ = {
			isa = PBXGroup;
			children = (
				8B1149A00E64BFB600131E61 /* Carbon.framework */,
				8B6B74330E64B467000E4ADF /* Security.framework */,
				8B114C400E64E13F00131E61 /* AddressBook.framework */,
				1058C7A1FEA54F0111CA2CBB /* Cocoa.framework */,
			);
			name = "Linked Frameworks";
			sourceTree = "<group>";
		};
		1058C7A2FEA54F0111CA2CBB /* Other Frameworks */ = {
			isa = PBXGroup;
			children = (
				29B97324FDCFA39411CA2CEA /* AppKit.framework */,
				13E42FB307B3F0F600E4EEF1 /* CoreData.framework */,
				29B97325FDCFA39411CA2CEA /* Foundation.framework */,
			);
			name = "Other Frameworks";
			sourceTree = "<group>";
		};
		19C28FACFE9D520D11CA2CBB /* Products */ = {
			isa = PBXGroup;
			children = (
				8D1107320486CEB800E47090 /* Vocito.app */,
			);
			name = Products;
			sourceTree = "<group>";
		};
		29B97314FDCFA39411CA2CEA /* Vocito */ = {
			isa = PBXGroup;
			children = (
				8B5FD1CC0E685204006CF8F6 /* Call using Vocito.xcodeproj */,
				8BBB68FB0E980029008A9B44 /* QSVocitoPlugIn.xcodeproj */,
				8BDF612F0ECFA54D006AF1EF /* Sparkle.framework */,
				8B90DB3C0E80039A00252773 /* XcodeConfig */,
				8B3D25D30EAE74D8004EA504 /* google-toolbox-for-mac */,
				080E96DDFE201D6D7F000001 /* Classes */,
				8B6B74140E64B27D000E4ADF /* EMKeychain */,
				29B97315FDCFA39411CA2CEA /* Other Sources */,
				29B97317FDCFA39411CA2CEA /* Resources */,
				29B97323FDCFA39411CA2CEA /* Frameworks */,
				19C28FACFE9D520D11CA2CBB /* Products */,
			);
			name = Vocito;
			sourceTree = "<group>";
		};
		29B97315FDCFA39411CA2CEA /* Other Sources */ = {
			isa = PBXGroup;
			children = (
				32CA4F630368D1EE00C91783 /* Vocito_Prefix.pch */,
				29B97316FDCFA39411CA2CEA /* main.m */,
			);
			name = "Other Sources";
			sourceTree = "<group>";
		};
		29B97317FDCFA39411CA2CEA /* Resources */ = {
			isa = PBXGroup;
			children = (
				8BD1EC450E6992A700384FC3 /* VocitoAddressBookAction.applescript */,
				8B6439070E65F1230098096B /* AddressBook.png */,
				8B6437970E65CDEC0098096B /* Vocito.icns */,
				8B6435570E659DD90098096B /* Vocito.sdef */,
				8B114E270E6593CB00131E61 /* VocitoPreferences.xib */,
				8B114B190E64C75000131E61 /* Action.png */,
				8BE8465F0E930AD300C611B0 /* Vocito.pdf */,
				8BE846640E930C2300C611B0 /* VocitoInvert.pdf */,
				8B6B749D0E64B827000E4ADF /* Dialer.xib */,
				8B5FD7320E68AACA006CF8F6 /* ScriptTemplate.app */,
				8D1107310486CEB800E47090 /* Info.plist */,
				089C165CFE840E0CC02AAC07 /* InfoPlist.strings */,
				1DDD58140DA1D0A300B32029 /* MainMenu.xib */,
			);
			path = Resources;
			sourceTree = "<group>";
		};
		29B97323FDCFA39411CA2CEA /* Frameworks */ = {
			isa = PBXGroup;
			children = (
				1058C7A0FEA54F0111CA2CBB /* Linked Frameworks */,
				1058C7A2FEA54F0111CA2CBB /* Other Frameworks */,
			);
			name = Frameworks;
			sourceTree = "<group>";
		};
		8B3D25D30EAE74D8004EA504 /* google-toolbox-for-mac */ = {
			isa = PBXGroup;
			children = (
				8BDF62090ECFF35B006AF1EF /* AppKit */,
				8B3D25EF0EAE760A004EA504 /* DebugUtils */,
				8B3D25EE0EAE75F0004EA504 /* Foundation */,
				8B5FD5920E688839006CF8F6 /* GTMDefines.h */,
			);
			name = "google-toolbox-for-mac";
			path = "externals/google-toolbox-for-mac";
			sourceTree = "<group>";
		};
		8B3D25EE0EAE75F0004EA504 /* Foundation */ = {
			isa = PBXGroup;
			children = (
				8B5FD75E0E68AC4A006CF8F6 /* GTMSystemVersion.m */,
				8B5FD7600E68AC4A006CF8F6 /* GTMSystemVersion.h */,
				8B5FD7610E68AC4A006CF8F6 /* GTMNSAppleEventDescriptor+Handler.m */,
				8B5FD75F0E68AC4A006CF8F6 /* GTMNSAppleEventDescriptor+Handler.h */,
				8B5FD7620E68AC4A006CF8F6 /* GTMNSAppleScript+Handler.m */,
				8B5FD7630E68AC4A006CF8F6 /* GTMFourCharCode.m */,
				8B5FD7670E68AC4A006CF8F6 /* GTMFourCharCode.h */,
				8B5FD7640E68AC4A006CF8F6 /* GTMNSAppleEventDescriptor+Foundation.h */,
				8B5FD7650E68AC4A006CF8F6 /* GTMNSAppleEventDescriptor+Foundation.m */,
				8B5FD7660E68AC4A006CF8F6 /* GTMNSAppleScript+Handler.h */,
				8B5FD5900E68881D006CF8F6 /* GTMGarbageCollection.h */,
				8B90DB9C0E80057900252773 /* GTMObjC2Runtime.m */,
				8B90DB9D0E80057900252773 /* GTMObjC2Runtime.h */,
				8B5FD55F0E6887B5006CF8F6 /* GTMNSString+URLArguments.h */,
				8B5FD5600E6887B5006CF8F6 /* GTMNSString+URLArguments.m */,
			);
			path = Foundation;
			sourceTree = "<group>";
		};
		8B3D25EF0EAE760A004EA504 /* DebugUtils */ = {
			isa = PBXGroup;
			children = (
				8BE843430E91EBF700C611B0 /* GTMDebugThreadValidation.h */,
				8BE843440E91EBF700C611B0 /* GTMDebugThreadValidation.m */,
				8B5FD79F0E68AC79006CF8F6 /* GTMMethodCheck.h */,
				8B5FD79D0E68AC73006CF8F6 /* GTMMethodCheck.m */,
				8B5FD7C00E68AC87006CF8F6 /* GTMDebugSelectorValidation.h */,
			);
			path = DebugUtils;
			sourceTree = "<group>";
		};
		8B6B74140E64B27D000E4ADF /* EMKeychain */ = {
			isa = PBXGroup;
			children = (
				8B6B74150E64B27D000E4ADF /* EMKeychainItem.h */,
				8B6B74160E64B27D000E4ADF /* EMKeychainItem.m */,
				8B6B74170E64B27D000E4ADF /* EMKeychainProxy.h */,
				8B6B74180E64B27D000E4ADF /* EMKeychainProxy.m */,
			);
			path = EMKeychain;
			sourceTree = "<group>";
		};
		8B90DB3C0E80039A00252773 /* XcodeConfig */ = {
			isa = PBXGroup;
			children = (
				8B90DB3D0E80039A00252773 /* Project */,
			);
			name = XcodeConfig;
			path = "externals/google-toolbox-for-mac/XcodeConfig";
			sourceTree = "<group>";
		};
		8B90DB3D0E80039A00252773 /* Project */ = {
			isa = PBXGroup;
			children = (
				8B90DB420E80039A00252773 /* DebugTigerOrLater.xcconfig */,
				8B90DB470E80039A00252773 /* ReleaseTigerOrLater.xcconfig */,
			);
			path = Project;
			sourceTree = "<group>";
		};
		8BBB68FC0E980029008A9B44 /* Products */ = {
			isa = PBXGroup;
			children = (
				8BBB69000E98002A008A9B44 /* Vocito Module.qsplugin */,
			);
			name = Products;
			sourceTree = "<group>";
		};
		8BBB69310E9802DA008A9B44 /* Products */ = {
			isa = PBXGroup;
			children = (
				8BBB69350E9802DA008A9B44 /* Call using Vocito.action */,
			);
			name = Products;
			sourceTree = "<group>";
		};
		8BDF62090ECFF35B006AF1EF /* AppKit */ = {
			isa = PBXGroup;
			children = (
				8BDF620A0ECFF371006AF1EF /* GTMGetURLHandler.m */,
			);
			path = AppKit;
			sourceTree = "<group>";
		};
/* End PBXGroup section */

/* Begin PBXNativeTarget section */
		8D1107260486CEB800E47090 /* Vocito */ = {
			isa = PBXNativeTarget;
			buildConfigurationList = C01FCF4A08A954540054247B /* Build configuration list for PBXNativeTarget "Vocito" */;
			buildPhases = (
				8D1107290486CEB800E47090 /* Resources */,
				8D11072C0486CEB800E47090 /* Sources */,
				8D11072E0486CEB800E47090 /* Frameworks */,
				8BD1EC580E6992CE00384FC3 /* AppleScript */,
				8BDF614D0ECFA583006AF1EF /* Copy Sparkle */,
				8B5FD1EA0E685270006CF8F6 /* ShellScript */,
			);
			buildRules = (
			);
			dependencies = (
				8BBB69050E98016B008A9B44 /* PBXTargetDependency */,
				8BBB697B0E9803EC008A9B44 /* PBXTargetDependency */,
			);
			name = Vocito;
			productInstallPath = "$(HOME)/Applications";
			productName = Vocito;
			productReference = 8D1107320486CEB800E47090 /* Vocito.app */;
			productType = "com.apple.product-type.application";
		};
/* End PBXNativeTarget section */

/* Begin PBXProject section */
		29B97313FDCFA39411CA2CEA /* Project object */ = {
			isa = PBXProject;
			buildConfigurationList = C01FCF4E08A954540054247B /* Build configuration list for PBXProject "Vocito" */;
			compatibilityVersion = "Xcode 3.1";
			hasScannedForEncodings = 1;
			mainGroup = 29B97314FDCFA39411CA2CEA /* Vocito */;
			projectDirPath = "";
			projectReferences = (
				{
					ProductGroup = 8BBB69310E9802DA008A9B44 /* Products */;
					ProjectRef = 8B5FD1CC0E685204006CF8F6 /* Call using Vocito.xcodeproj */;
				},
				{
					ProductGroup = 8BBB68FC0E980029008A9B44 /* Products */;
					ProjectRef = 8BBB68FB0E980029008A9B44 /* QSVocitoPlugIn.xcodeproj */;
				},
			);
			projectRoot = "";
			targets = (
				8D1107260486CEB800E47090 /* Vocito */,
			);
		};
/* End PBXProject section */

/* Begin PBXReferenceProxy section */
		8BBB69000E98002A008A9B44 /* Vocito Module.qsplugin */ = {
			isa = PBXReferenceProxy;
			fileType = wrapper.cfbundle;
			path = "Vocito Module.qsplugin";
			remoteRef = 8BBB68FF0E98002A008A9B44 /* PBXContainerItemProxy */;
			sourceTree = BUILT_PRODUCTS_DIR;
		};
		8BBB69350E9802DA008A9B44 /* Call using Vocito.action */ = {
			isa = PBXReferenceProxy;
			fileType = wrapper.cfbundle;
			path = "Call using Vocito.action";
			remoteRef = 8BBB69340E9802DA008A9B44 /* PBXContainerItemProxy */;
			sourceTree = BUILT_PRODUCTS_DIR;
		};
/* End PBXReferenceProxy section */

/* Begin PBXResourcesBuildPhase section */
		8D1107290486CEB800E47090 /* Resources */ = {
			isa = PBXResourcesBuildPhase;
			buildActionMask = 2147483647;
			files = (
				8BBB69370E98030F008A9B44 /* Vocito Module.qsplugin in Resources */,
				8D11072B0486CEB800E47090 /* InfoPlist.strings in Resources */,
				1DDD58160DA1D0A300B32029 /* MainMenu.xib in Resources */,
				8B6B749E0E64B827000E4ADF /* Dialer.xib in Resources */,
				8B114B1A0E64C75000131E61 /* Action.png in Resources */,
				8B114E2A0E6593CB00131E61 /* VocitoPreferences.xib in Resources */,
				8B6435580E659DD90098096B /* Vocito.sdef in Resources */,
				8B6437980E65CDEC0098096B /* Vocito.icns in Resources */,
				8B6439080E65F1230098096B /* AddressBook.png in Resources */,
				8B5FD7330E68AACA006CF8F6 /* ScriptTemplate.app in Resources */,
				8BE846600E930AD300C611B0 /* Vocito.pdf in Resources */,
				8BE846650E930C2300C611B0 /* VocitoInvert.pdf in Resources */,
			);
			runOnlyForDeploymentPostprocessing = 0;
		};
/* End PBXResourcesBuildPhase section */

/* Begin PBXShellScriptBuildPhase section */
		8B5FD1EA0E685270006CF8F6 /* ShellScript */ = {
			isa = PBXShellScriptBuildPhase;
			buildActionMask = 2147483647;
			files = (
			);
			inputPaths = (
			);
			outputPaths = (
			);
			runOnlyForDeploymentPostprocessing = 0;
			shellPath = /bin/sh;
			shellScript = "# Copy Automator stuff\ncopyDir=\"${BUILD_DIR}/${CONFIGURATION}/${CONTENTS_FOLDER_PATH}/Library/Automator/\"\nmkdir -p \"$copyDir\"\ncp -R \"Automator/build/${CONFIGURATION}/Call using Vocito.action\" \"$copyDir\"\n\n# Remove unnecessary Sparkle stuff\nsparkleDir=\"${BUILD_DIR}/${CONFIGURATION}/${CONTENTS_FOLDER_PATH}/Frameworks/Sparkle.framework\"\nrm -rf \"$sparkleDir/Resources/de.lproj\"\nrm -rf \"$sparkleDir/Resources/es.lproj\"\nrm -rf \"$sparkleDir/Resources/fr.lproj\"\nrm -f \"$sparkleDir/Resources/fr_CA.lproj\"\nrm -rf \"$sparkleDir/Resources/it.lproj\"\nrm -rf \"$sparkleDir/Resources/nl.lproj\"\nrm -rf \"$sparkleDir/Resources/ru.lproj\"\nrm -rf \"$sparkleDir/Resources/sv.lproj\"\nrm -rf \"$sparkleDir/Current/Headers\"\nrm -f \"$sparkleDir/Headers\"";
		};
/* End PBXShellScriptBuildPhase section */

/* Begin PBXSourcesBuildPhase section */
		8D11072C0486CEB800E47090 /* Sources */ = {
			isa = PBXSourcesBuildPhase;
			buildActionMask = 2147483647;
			files = (
				8D11072D0486CEB800E47090 /* main.m in Sources */,
				8B6B74130E64B277000E4ADF /* Vocito.m in Sources */,
				8B6B741A0E64B27D000E4ADF /* EMKeychainItem.m in Sources */,
				8B6B741B0E64B27D000E4ADF /* EMKeychainProxy.m in Sources */,
				8B6B74270E64B2F0000E4ADF /* VocitoAppDelegate.m in Sources */,
				8B6B74C40E64BE5B000E4ADF /* StatusItemView.m in Sources */,
				8B114A7F0E64C1A700131E61 /* VocitoWindow.m in Sources */,
				8B114A820E64C1FC00131E61 /* QSWindowFilter.m in Sources */,
				8B114A8B0E64C27C00131E61 /* VocitoWindowController.m in Sources */,
				8B114E290E6593CB00131E61 /* VocitoPreferences.m in Sources */,
				8B64357C0E65A7DE0098096B /* VocitoDialCommand.m in Sources */,
				8B5FC40D0E661638006CF8F6 /* VocitoController.m in Sources */,
				8B5FCC560E673056006CF8F6 /* VocitoDialService.m in Sources */,
				8B5FD5610E6887B5006CF8F6 /* GTMNSString+URLArguments.m in Sources */,
				8B5FD7680E68AC4A006CF8F6 /* GTMSystemVersion.m in Sources */,
				8B5FD7690E68AC4A006CF8F6 /* GTMNSAppleEventDescriptor+Handler.m in Sources */,
				8B5FD76A0E68AC4A006CF8F6 /* GTMNSAppleScript+Handler.m in Sources */,
				8B5FD76B0E68AC4A006CF8F6 /* GTMFourCharCode.m in Sources */,
				8B5FD76C0E68AC4A006CF8F6 /* GTMNSAppleEventDescriptor+Foundation.m in Sources */,
				8B5FD79E0E68AC73006CF8F6 /* GTMMethodCheck.m in Sources */,
				8B90DB9E0E80057900252773 /* GTMObjC2Runtime.m in Sources */,
				8BE843450E91EBF700C611B0 /* GTMDebugThreadValidation.m in Sources */,
				8BBB68D80E97B2A5008A9B44 /* NSString+PhoneNumber.m in Sources */,
				8BDF620B0ECFF371006AF1EF /* GTMGetURLHandler.m in Sources */,
				8BDF622D0ECFF3FB006AF1EF /* VocitoTelURLHandler.m in Sources */,
			);
			runOnlyForDeploymentPostprocessing = 0;
		};
/* End PBXSourcesBuildPhase section */

/* Begin PBXTargetDependency section */
		8BBB69050E98016B008A9B44 /* PBXTargetDependency */ = {
			isa = PBXTargetDependency;
			name = "Vocito Module";
			targetProxy = 8BBB69040E98016B008A9B44 /* PBXContainerItemProxy */;
		};
		8BBB697B0E9803EC008A9B44 /* PBXTargetDependency */ = {
			isa = PBXTargetDependency;
			name = "Call using Vocito";
			targetProxy = 8BBB697A0E9803EC008A9B44 /* PBXContainerItemProxy */;
		};
/* End PBXTargetDependency section */

/* Begin PBXVariantGroup section */
		089C165CFE840E0CC02AAC07 /* InfoPlist.strings */ = {
			isa = PBXVariantGroup;
			children = (
				089C165DFE840E0CC02AAC07 /* English */,
			);
			name = InfoPlist.strings;
			sourceTree = "<group>";
		};
		1DDD58140DA1D0A300B32029 /* MainMenu.xib */ = {
			isa = PBXVariantGroup;
			children = (
				1DDD58150DA1D0A300B32029 /* English */,
			);
			name = MainMenu.xib;
			sourceTree = "<group>";
		};
/* End PBXVariantGroup section */

/* Begin XCBuildConfiguration section */
		C01FCF4B08A954540054247B /* Debug */ = {
			isa = XCBuildConfiguration;
			buildSettings = {
				FRAMEWORK_SEARCH_PATHS = (
					"$(inherited)",
					"\"$(SRCROOT)/externals\"",
				);
				GCC_PRECOMPILE_PREFIX_HEADER = YES;
				GCC_PREFIX_HEADER = Vocito_Prefix.pch;
				INFOPLIST_FILE = Resources/Info.plist;
				PRODUCT_NAME = Vocito;
			};
			name = Debug;
		};
		C01FCF4C08A954540054247B /* Release */ = {
			isa = XCBuildConfiguration;
			buildSettings = {
				FRAMEWORK_SEARCH_PATHS = (
					"$(inherited)",
					"\"$(SRCROOT)/externals\"",
				);
				GCC_PRECOMPILE_PREFIX_HEADER = YES;
				GCC_PREFIX_HEADER = Vocito_Prefix.pch;
				INFOPLIST_FILE = Resources/Info.plist;
				PRODUCT_NAME = Vocito;
			};
			name = Release;
		};
		C01FCF4F08A954540054247B /* Debug */ = {
			isa = XCBuildConfiguration;
			baseConfigurationReference = 8B90DB420E80039A00252773 /* DebugTigerOrLater.xcconfig */;
			buildSettings = {
			};
			name = Debug;
		};
		C01FCF5008A954540054247B /* Release */ = {
			isa = XCBuildConfiguration;
			baseConfigurationReference = 8B90DB470E80039A00252773 /* ReleaseTigerOrLater.xcconfig */;
			buildSettings = {
			};
			name = Release;
		};
/* End XCBuildConfiguration section */

/* Begin XCConfigurationList section */
		C01FCF4A08A954540054247B /* Build configuration list for PBXNativeTarget "Vocito" */ = {
			isa = XCConfigurationList;
			buildConfigurations = (
				C01FCF4B08A954540054247B /* Debug */,
				C01FCF4C08A954540054247B /* Release */,
			);
			defaultConfigurationIsVisible = 0;
			defaultConfigurationName = Release;
		};
		C01FCF4E08A954540054247B /* Build configuration list for PBXProject "Vocito" */ = {
			isa = XCConfigurationList;
			buildConfigurations = (
				C01FCF4F08A954540054247B /* Debug */,
				C01FCF5008A954540054247B /* Release */,
			);
			defaultConfigurationIsVisible = 0;
			defaultConfigurationName = Release;
		};
/* End XCConfigurationList section */
	};
	rootObject = 29B97313FDCFA39411CA2CEA /* Project object */;
}
